
Microsoft Visual Studio Solution File, Format Version 12.00
# Visual Studio Version 17
VisualStudioVersion = 17.2.32630.192
MinimumVisualStudioVersion = 10.0.40219.1
Project("{FAE04EC0-301F-11D3-BF4B-00C04F79EFBC}") = "server", "server\server.csproj", "{1C8147D4-A114-4E69-8A24-E4E57ADBA634}"
EndProject
Project("{FAE04EC0-301F-11D3-BF4B-00C04F79EFBC}") = "Repositories", "Repositories\Repositories.csproj", "{C2EA3150-55CA-4CE4-9148-616FB9176075}"
EndProject
Project("{FAE04EC0-301F-11D3-BF4B-00C04F79EFBC}") = "services", "services\services.csproj", "{7CB1AD6E-25AF-4A9F-8BE2-DAB9FFAB0B8F}"
EndProject
Project("{FAE04EC0-301F-11D3-BF4B-00C04F79EFBC}") = "Entities", "Entities\Entities.csproj", "{4A59B7C8-0E3D-40D3-9D23-CB237B4D1F60}"
EndProject
Project("{FAE04EC0-301F-11D3-BF4B-00C04F79EFBC}") = "DTO", "DTO\DTO.csproj", "{F1BAACBA-381B-42D7-AE76-EFE64A4E7326}"
EndProject
Global
	GlobalSection(SolutionConfigurationPlatforms) = preSolution
		Debug|Any CPU = Debug|Any CPU
		Release|Any CPU = Release|Any CPU
	EndGlobalSection
	GlobalSection(ProjectConfigurationPlatforms) = postSolution
		{1C8147D4-A114-4E69-8A24-E4E57ADBA634}.Debug|Any CPU.ActiveCfg = Debug|Any CPU
		{1C8147D4-A114-4E69-8A24-E4E57ADBA634}.Debug|Any CPU.Build.0 = Debug|Any CPU
		{1C8147D4-A114-4E69-8A24-E4E57ADBA634}.Release|Any CPU.ActiveCfg = Release|Any CPU
		{1C8147D4-A114-4E69-8A24-E4E57ADBA634}.Release|Any CPU.Build.0 = Release|Any CPU
		{C2EA3150-55CA-4CE4-9148-616FB9176075}.Debug|Any CPU.ActiveCfg = Debug|Any CPU
		{C2EA3150-55CA-4CE4-9148-616FB9176075}.Debug|Any CPU.Build.0 = Debug|Any CPU
		{C2EA3150-55CA-4CE4-9148-616FB9176075}.Release|Any CPU.ActiveCfg = Release|Any CPU
		{C2EA3150-55CA-4CE4-9148-616FB9176075}.Release|Any CPU.Build.0 = Release|Any CPU
		{7CB1AD6E-25AF-4A9F-8BE2-DAB9FFAB0B8F}.Debug|Any CPU.ActiveCfg = Debug|Any CPU
		{7CB1AD6E-25AF-4A9F-8BE2-DAB9FFAB0B8F}.Debug|Any CPU.Build.0 = Debug|Any CPU
		{7CB1AD6E-25AF-4A9F-8BE2-DAB9FFAB0B8F}.Release|Any CPU.ActiveCfg = Release|Any CPU
		{7CB1AD6E-25AF-4A9F-8BE2-DAB9FFAB0B8F}.Release|Any CPU.Build.0 = Release|Any CPU
		{4A59B7C8-0E3D-40D3-9D23-CB237B4D1F60}.Debug|Any CPU.ActiveCfg = Debug|Any CPU
		{4A59B7C8-0E3D-40D3-9D23-CB237B4D1F60}.Debug|Any CPU.Build.0 = Debug|Any CPU
		{4A59B7C8-0E3D-40D3-9D23-CB237B4D1F60}.Release|Any CPU.ActiveCfg = Release|Any CPU
		{4A59B7C8-0E3D-40D3-9D23-CB237B4D1F60}.Release|Any CPU.Build.0 = Release|Any CPU
		{F1BAACBA-381B-42D7-AE76-EFE64A4E7326}.Debug|Any CPU.ActiveCfg = Debug|Any CPU
		{F1BAACBA-381B-42D7-AE76-EFE64A4E7326}.Debug|Any CPU.Build.0 = Debug|Any CPU
		{F1BAACBA-381B-42D7-AE76-EFE64A4E7326}.Release|Any CPU.ActiveCfg = Release|Any CPU
		{F1BAACBA-381B-42D7-AE76-EFE64A4E7326}.Release|Any CPU.Build.0 = Release|Any CPU
	EndGlobalSection
	GlobalSection(SolutionProperties) = preSolution
		HideSolutionNode = FALSE
	EndGlobalSection
	GlobalSection(ExtensibilityGlobals) = postSolution
		SolutionGuid = {9A4B6F43-7A5A-42B8-91D4-DE8DC15DD1F0}
	EndGlobalSection
EndGlobal
